
Microsoft Visual Studio Solution File, Format Version 12.00
# Visual Studio Version 16
VisualStudioVersion = 16.0.30011.22
MinimumVisualStudioVersion = 10.0.40219.1
Project("{FAE04EC0-301F-11D3-BF4B-00C04F79EFBC}") = "ClassLibraryUnitTest", "ClassLibraryUnitTest\ClassLibraryUnitTest.csproj", "{7BAFC4EB-C4B7-40C9-ABD9-068BF22C00B6}"
EndProject
Project("{FAE04EC0-301F-11D3-BF4B-00C04F79EFBC}") = "ClassLibraryUnitTestTests", "ClassLibraryUnitTestTests\ClassLibraryUnitTestTests.csproj", "{A458A277-9DA4-4C5C-8734-9B4E6570B61A}"
EndProject
Global
	GlobalSection(SolutionConfigurationPlatforms) = preSolution
		Debug|Any CPU = Debug|Any CPU
		Release|Any CPU = Release|Any CPU
	EndGlobalSection
	GlobalSection(ProjectConfigurationPlatforms) = postSolution
		{7BAFC4EB-C4B7-40C9-ABD9-068BF22C00B6}.Debug|Any CPU.ActiveCfg = Debug|Any CPU
		{7BAFC4EB-C4B7-40C9-ABD9-068BF22C00B6}.Debug|Any CPU.Build.0 = Debug|Any CPU
		{7BAFC4EB-C4B7-40C9-ABD9-068BF22C00B6}.Release|Any CPU.ActiveCfg = Release|Any CPU
		{7BAFC4EB-C4B7-40C9-ABD9-068BF22C00B6}.Release|Any CPU.Build.0 = Release|Any CPU
		{A458A277-9DA4-4C5C-8734-9B4E6570B61A}.Debug|Any CPU.ActiveCfg = Debug|Any CPU
		{A458A277-9DA4-4C5C-8734-9B4E6570B61A}.Debug|Any CPU.Build.0 = Debug|Any CPU
		{A458A277-9DA4-4C5C-8734-9B4E6570B61A}.Release|Any CPU.ActiveCfg = Release|Any CPU
		{A458A277-9DA4-4C5C-8734-9B4E6570B61A}.Release|Any CPU.Build.0 = Release|Any CPU
	EndGlobalSection
	GlobalSection(SolutionProperties) = preSolution
		HideSolutionNode = FALSE
	EndGlobalSection
	GlobalSection(ExtensibilityGlobals) = postSolution
		SolutionGuid = {DE2DF9E8-884E-4A65-874E-29864A613712}
	EndGlobalSection
EndGlobal
